
Microsoft Visual Studio Solution File, Format Version 12.00
# Visual Studio 15
VisualStudioVersion = 15.0.28010.2036
MinimumVisualStudioVersion = 10.0.40219.1
Project("{FAE04EC0-301F-11D3-BF4B-00C04F79EFBC}") = "Teste", "Teste\Teste.csproj", "{165A49E0-533E-4826-8D66-35EAA1DDDCDF}"
EndProject
Global
	GlobalSection(SolutionConfigurationPlatforms) = preSolution
		Debug|Any CPU = Debug|Any CPU
		Release|Any CPU = Release|Any CPU
	EndGlobalSection
	GlobalSection(ProjectConfigurationPlatforms) = postSolution
		{165A49E0-533E-4826-8D66-35EAA1DDDCDF}.Debug|Any CPU.ActiveCfg = Debug|Any CPU
		{165A49E0-533E-4826-8D66-35EAA1DDDCDF}.Debug|Any CPU.Build.0 = Debug|Any CPU
		{165A49E0-533E-4826-8D66-35EAA1DDDCDF}.Release|Any CPU.ActiveCfg = Release|Any CPU
		{165A49E0-533E-4826-8D66-35EAA1DDDCDF}.Release|Any CPU.Build.0 = Release|Any CPU
	EndGlobalSection
	GlobalSection(SolutionProperties) = preSolution
		HideSolutionNode = FALSE
	EndGlobalSection
	GlobalSection(ExtensibilityGlobals) = postSolution
		SolutionGuid = {59997AA4-DC81-417B-A7E0-BBA64725FE4D}
	EndGlobalSection
EndGlobal
